{
  "name": "node-regist",
  "version": "0.0.0",
  "lockfileVersion": 1,
  "requires": true,
  "dependencies": {
    "accepts": {
      "version": "1.1.4",
      "resolved": "http://registry.npm.taobao.org/accepts/download/accepts-1.1.4.tgz",
      "integrity": "sha1-1xyW99QdD+2iw4zRToonwEFY30o=",
      "requires": {
        "mime-types": "2.0.14",
        "negotiator": "0.4.9"
      }
    },
    "async": {
      "version": "1.5.2",
      "resolved": "http://registry.npm.taobao.org/async/download/async-1.5.2.tgz",
      "integrity": "sha1-7GphrlZIDAw8skHJVhjiCJL5Zyo="
    },
    "bagpipe": {
      "version": "0.3.5",
      "resolved": "http://registry.npm.taobao.org/bagpipe/download/bagpipe-0.3.5.tgz",
      "integrity": "sha1-40HRZPyyTN8E6n4Ft2XsEMiupqE="
    },
    "basic-auth": {
      "version": "1.0.4",
      "resolved": "http://registry.npm.taobao.org/basic-auth/download/basic-auth-1.0.4.tgz",
      "integrity": "sha1-Awk1sB3nyblKgksp8/zLdQ06UpA="
    },
    "bignumber.js": {
      "version": "4.1.0",
      "resolved": "http://registry.npm.taobao.org/bignumber.js/download/bignumber.js-4.1.0.tgz",
      "integrity": "sha1-228UBnwUC9RmJIFaeRbJLZtsJLE="
    },
    "body-parser": {
      "version": "1.10.2",
      "resolved": "http://registry.npm.taobao.org/body-parser/download/body-parser-1.10.2.tgz",
      "integrity": "sha1-QF1GX808zw6oo1rb8QVfbpgxa9E=",
      "requires": {
        "bytes": "1.0.0",
        "depd": "1.0.1",
        "iconv-lite": "0.4.6",
        "media-typer": "0.3.0",
        "on-finished": "2.2.1",
        "qs": "2.3.3",
        "raw-body": "1.3.2",
        "type-is": "1.5.7"
      }
    },
    "buffer-equal-constant-time": {
      "version": "1.0.1",
      "resolved": "http://registry.npm.taobao.org/buffer-equal-constant-time/download/buffer-equal-constant-time-1.0.1.tgz",
      "integrity": "sha1-+OcRMvf/5uAaXJaXpMbz5I1cyBk="
    },
    "bytes": {
      "version": "1.0.0",
      "resolved": "http://registry.npm.taobao.org/bytes/download/bytes-1.0.0.tgz",
      "integrity": "sha1-NWnt6Lo0MV+rmcPpLLBMciDeH6g="
    },
    "content-disposition": {
      "version": "0.5.0",
      "resolved": "http://registry.npm.taobao.org/content-disposition/download/content-disposition-0.5.0.tgz",
      "integrity": "sha1-QoT+auBjCHRjnkToCkGMKTQTXp4="
    },
    "cookie": {
      "version": "0.1.3",
      "resolved": "http://registry.npm.taobao.org/cookie/download/cookie-0.1.3.tgz",
      "integrity": "sha1-5zSlwUF/zkctWu+Cw4HKu2TRpDU="
    },
    "cookie-parser": {
      "version": "1.3.5",
      "resolved": "http://registry.npm.taobao.org/cookie-parser/download/cookie-parser-1.3.5.tgz",
      "integrity": "sha1-nXVVcPtdF4kHcSJ6AjFNm+fPg1Y=",
      "requires": {
        "cookie": "0.1.3",
        "cookie-signature": "1.0.6"
      }
    },
    "cookie-signature": {
      "version": "1.0.6",
      "resolved": "http://registry.npm.taobao.org/cookie-signature/download/cookie-signature-1.0.6.tgz",
      "integrity": "sha1-4wOogrNCzD7oylE6eZmXNNqzriw="
    },
    "core-util-is": {
      "version": "1.0.2",
      "resolved": "http://registry.npm.taobao.org/core-util-is/download/core-util-is-1.0.2.tgz",
      "integrity": "sha1-tf1UIgqivFq1eqtxQMlAdUUDwac="
    },
    "cors": {
      "version": "2.8.5",
      "resolved": "http://registry.npm.taobao.org/cors/download/cors-2.8.5.tgz",
      "integrity": "sha1-6sEdpRWS3Ya58G9uesKTs9+HXSk=",
      "requires": {
        "object-assign": "4.1.1",
        "vary": "1.0.1"
      }
    },
    "crc": {
      "version": "3.2.1",
      "resolved": "http://registry.npm.taobao.org/crc/download/crc-3.2.1.tgz",
      "integrity": "sha1-XZyPt3okXNXsopHl0tAFM0urAII="
    },
    "debug": {
      "version": "2.1.3",
      "resolved": "http://registry.npm.taobao.org/debug/download/debug-2.1.3.tgz",
      "integrity": "sha1-zoqxte6PvuK/o7Yzyrk9NmtjQY4=",
      "requires": {
        "ms": "0.7.0"
      }
    },
    "depd": {
      "version": "1.0.1",
      "resolved": "http://registry.npm.taobao.org/depd/download/depd-1.0.1.tgz",
      "integrity": "sha1-gK7GTJ1tl+ZcwqnKqTwKpqv3Oqo="
    },
    "destroy": {
      "version": "1.0.3",
      "resolved": "http://registry.npm.taobao.org/destroy/download/destroy-1.0.3.tgz",
      "integrity": "sha1-tDO0ck5x/YVR2YhRdIUcX8N34sk="
    },
    "ecdsa-sig-formatter": {
      "version": "1.0.10",
      "resolved": "http://registry.npm.taobao.org/ecdsa-sig-formatter/download/ecdsa-sig-formatter-1.0.10.tgz",
      "integrity": "sha1-HFlQAPBKiJffuFAAiSoPTDOvhsM=",
      "requires": {
        "safe-buffer": "5.1.2"
      }
    },
    "ee-first": {
      "version": "1.1.0",
      "resolved": "http://registry.npm.taobao.org/ee-first/download/ee-first-1.1.0.tgz",
      "integrity": "sha1-ag18YiHkkP7v2S7D9EHJzozQl/Q="
    },
    "ejs": {
      "version": "1.0.0",
      "resolved": "http://registry.npm.taobao.org/ejs/download/ejs-1.0.0.tgz",
      "integrity": "sha1-ycYKSKRu5FL7MqccMXuV5aofyz0="
    },
    "escape-html": {
      "version": "1.0.1",
      "resolved": "http://registry.npm.taobao.org/escape-html/download/escape-html-1.0.1.tgz",
      "integrity": "sha1-GBoobq05ejmpKFfPsdQwUuNWv/A="
    },
    "etag": {
      "version": "1.5.1",
      "resolved": "http://registry.npm.taobao.org/etag/download/etag-1.5.1.tgz",
      "integrity": "sha1-VMUN4E7kJpVWKSWsVmWIKRvn6eo=",
      "requires": {
        "crc": "3.2.1"
      }
    },
    "express": {
      "version": "4.10.8",
      "resolved": "http://registry.npm.taobao.org/express/download/express-4.10.8.tgz",
      "integrity": "sha1-LYNXHgZcDvsmecCl+a5mrqpHAko=",
      "requires": {
        "accepts": "1.1.4",
        "content-disposition": "0.5.0",
        "cookie": "0.1.2",
        "cookie-signature": "1.0.5",
        "debug": "2.1.3",
        "depd": "1.0.1",
        "escape-html": "1.0.1",
        "etag": "1.5.1",
        "finalhandler": "0.3.3",
        "fresh": "0.2.4",
        "media-typer": "0.3.0",
        "merge-descriptors": "0.0.2",
        "methods": "1.1.1",
        "on-finished": "2.2.1",
        "parseurl": "1.3.2",
        "path-to-regexp": "0.1.3",
        "proxy-addr": "1.0.10",
        "qs": "2.3.3",
        "range-parser": "1.0.3",
        "send": "0.10.1",
        "serve-static": "1.7.2",
        "type-is": "1.5.7",
        "utils-merge": "1.0.0",
        "vary": "1.0.1"
      },
      "dependencies": {
        "cookie": {
          "version": "0.1.2",
          "resolved": "http://registry.npm.taobao.org/cookie/download/cookie-0.1.2.tgz",
          "integrity": "sha1-cv7D0k5Io0Mgc9kMEmQgBQYQBLE="
        },
        "cookie-signature": {
          "version": "1.0.5",
          "resolved": "http://registry.npm.taobao.org/cookie-signature/download/cookie-signature-1.0.5.tgz",
          "integrity": "sha1-oSLj8VA+yg9TVXlbBxG7I2jUUPk="
        }
      }
    },
    "express-jwt": {
      "version": "5.3.1",
      "resolved": "http://registry.npm.taobao.org/express-jwt/download/express-jwt-5.3.1.tgz",
      "integrity": "sha1-ZvBcfd21QJwDc0api4iWW7EOpK4=",
      "requires": {
        "async": "1.5.2",
        "express-unless": "0.3.1",
        "jsonwebtoken": "8.4.0",
        "lodash.set": "4.3.2"
      }
    },
    "express-session": {
      "version": "1.15.6",
      "resolved": "http://registry.npm.taobao.org/express-session/download/express-session-1.15.6.tgz",
      "integrity": "sha1-R7QWDIj0KrcP6KUI4xy/92dXqwo=",
      "requires": {
        "cookie": "0.3.1",
        "cookie-signature": "1.0.6",
        "crc": "3.4.4",
        "debug": "2.6.9",
        "depd": "1.1.2",
        "on-headers": "1.0.1",
        "parseurl": "1.3.2",
        "uid-safe": "2.1.5",
        "utils-merge": "1.0.1"
      },
      "dependencies": {
        "cookie": {
          "version": "0.3.1",
          "resolved": "http://registry.npm.taobao.org/cookie/download/cookie-0.3.1.tgz",
          "integrity": "sha1-5+Ch+e9DtMi6klxcWpboBtFoc7s="
        },
        "crc": {
          "version": "3.4.4",
          "resolved": "http://registry.npm.taobao.org/crc/download/crc-3.4.4.tgz",
          "integrity": "sha1-naHpgOO9RPxck79as9ozeNheRms="
        },
        "debug": {
          "version": "2.6.9",
          "resolved": "http://registry.npm.taobao.org/debug/download/debug-2.6.9.tgz",
          "integrity": "sha1-XRKFFd8TT/Mn6QpMk/Tgd6U2NB8=",
          "requires": {
            "ms": "2.0.0"
          }
        },
        "depd": {
          "version": "1.1.2",
          "resolved": "http://registry.npm.taobao.org/depd/download/depd-1.1.2.tgz",
          "integrity": "sha1-m81S4UwJd2PnSbJ0xDRu0uVgtak="
        },
        "ms": {
          "version": "2.0.0",
          "resolved": "http://registry.npm.taobao.org/ms/download/ms-2.0.0.tgz",
          "integrity": "sha1-VgiurfwAvmwpAd9fmGF4jeDVl8g="
        },
        "utils-merge": {
          "version": "1.0.1",
          "resolved": "http://registry.npm.taobao.org/utils-merge/download/utils-merge-1.0.1.tgz",
          "integrity": "sha1-n5VxD1CiZ5R7LMwSR0HBAoQn5xM="
        }
      }
    },
    "express-unless": {
      "version": "0.3.1",
      "resolved": "http://registry.npm.taobao.org/express-unless/download/express-unless-0.3.1.tgz",
      "integrity": "sha1-JVfBRudb65A+LSR/m1ugFFJpbiA="
    },
    "finalhandler": {
      "version": "0.3.3",
      "resolved": "http://registry.npm.taobao.org/finalhandler/download/finalhandler-0.3.3.tgz",
      "integrity": "sha1-saCaoeamB7NUFmmwm8tyf0YM1CY=",
      "requires": {
        "debug": "2.1.3",
        "escape-html": "1.0.1",
        "on-finished": "2.2.1"
      }
    },
    "forwarded": {
      "version": "0.1.2",
      "resolved": "http://registry.npm.taobao.org/forwarded/download/forwarded-0.1.2.tgz",
      "integrity": "sha1-mMI9qxF1ZXuMBXPozszZGw/xjIQ="
    },
    "fresh": {
      "version": "0.2.4",
      "resolved": "http://registry.npm.taobao.org/fresh/download/fresh-0.2.4.tgz",
      "integrity": "sha1-NYJJkgbJcjcUGQ7ddLRgT+tKYUw="
    },
    "fs-extra": {
      "version": "4.0.3",
      "resolved": "http://registry.npm.taobao.org/fs-extra/download/fs-extra-4.0.3.tgz",
      "integrity": "sha1-DYUhIuW8W+tFP7Ao6cDJvzY0DJQ=",
      "requires": {
        "graceful-fs": "4.1.15",
        "jsonfile": "4.0.0",
        "universalify": "0.1.2"
      }
    },
    "graceful-fs": {
      "version": "4.1.15",
      "resolved": "http://registry.npm.taobao.org/graceful-fs/download/graceful-fs-4.1.15.tgz",
      "integrity": "sha1-/7cD4QZuig7qpMi4C6klPu77+wA="
    },
    "iconv-lite": {
      "version": "0.4.6",
      "resolved": "http://registry.npm.taobao.org/iconv-lite/download/iconv-lite-0.4.6.tgz",
      "integrity": "sha1-45xoJhCnkfPu3Cc4L/SeJj+R+gk="
    },
    "imurmurhash": {
      "version": "0.1.4",
      "resolved": "http://registry.npm.taobao.org/imurmurhash/download/imurmurhash-0.1.4.tgz",
      "integrity": "sha1-khi5srkoojixPcT7a21XbyMUU+o="
    },
    "inherits": {
      "version": "2.0.3",
      "resolved": "http://registry.npm.taobao.org/inherits/download/inherits-2.0.3.tgz",
      "integrity": "sha1-Yzwsg+PaQqUC9SRmAiSA9CCCYd4="
    },
    "ipaddr.js": {
      "version": "1.0.5",
      "resolved": "http://registry.npm.taobao.org/ipaddr.js/download/ipaddr.js-1.0.5.tgz",
      "integrity": "sha1-X6eM8wG4JceKvDBC2BJyMEnqI8c="
    },
    "isarray": {
      "version": "1.0.0",
      "resolved": "http://registry.npm.taobao.org/isarray/download/isarray-1.0.0.tgz",
      "integrity": "sha1-u5NdSFgsuhaMBoNJV6VKPgcSTxE="
    },
    "jsonfile": {
      "version": "4.0.0",
      "resolved": "http://registry.npm.taobao.org/jsonfile/download/jsonfile-4.0.0.tgz",
      "integrity": "sha1-h3Gq4HmbZAdrdmQPygWPnBDjPss=",
      "requires": {
        "graceful-fs": "4.1.15"
      }
    },
    "jsonwebtoken": {
      "version": "8.4.0",
      "resolved": "http://registry.npm.taobao.org/jsonwebtoken/download/jsonwebtoken-8.4.0.tgz",
      "integrity": "sha1-h1f3tMt0QNhtXi877O+nBTbI5Go=",
      "requires": {
        "jws": "3.1.5",
        "lodash.includes": "4.3.0",
        "lodash.isboolean": "3.0.3",
        "lodash.isinteger": "4.0.4",
        "lodash.isnumber": "3.0.3",
        "lodash.isplainobject": "4.0.6",
        "lodash.isstring": "4.0.1",
        "lodash.once": "4.1.1",
        "ms": "2.1.1"
      },
      "dependencies": {
        "ms": {
          "version": "2.1.1",
          "resolved": "http://registry.npm.taobao.org/ms/download/ms-2.1.1.tgz",
          "integrity": "sha1-MKWGTrPrsKZvLr5tcnrwagnYbgo="
        }
      }
    },
    "jwa": {
      "version": "1.1.6",
      "resolved": "http://registry.npm.taobao.org/jwa/download/jwa-1.1.6.tgz",
      "integrity": "sha1-hyQOdsmAjb3hh4PPImTvSSnuUOY=",
      "requires": {
        "buffer-equal-constant-time": "1.0.1",
        "ecdsa-sig-formatter": "1.0.10",
        "safe-buffer": "5.1.2"
      }
    },
    "jws": {
      "version": "3.1.5",
      "resolved": "http://registry.npm.taobao.org/jws/download/jws-3.1.5.tgz",
      "integrity": "sha1-gNEtBbKT0ehB58uLTmnlYa3Pg08=",
      "requires": {
        "jwa": "1.1.6",
        "safe-buffer": "5.1.2"
      }
    },
    "lodash.includes": {
      "version": "4.3.0",
      "resolved": "http://registry.npm.taobao.org/lodash.includes/download/lodash.includes-4.3.0.tgz",
      "integrity": "sha1-YLuYqHy5I8aMoeUTJUgzFISfVT8="
    },
    "lodash.isboolean": {
      "version": "3.0.3",
      "resolved": "http://registry.npm.taobao.org/lodash.isboolean/download/lodash.isboolean-3.0.3.tgz",
      "integrity": "sha1-bC4XHbKiV82WgC/UOwGyDV9YcPY="
    },
    "lodash.isinteger": {
      "version": "4.0.4",
      "resolved": "http://registry.npm.taobao.org/lodash.isinteger/download/lodash.isinteger-4.0.4.tgz",
      "integrity": "sha1-YZwK89A/iwTDH1iChAt3sRzWg0M="
    },
    "lodash.isnumber": {
      "version": "3.0.3",
      "resolved": "http://registry.npm.taobao.org/lodash.isnumber/download/lodash.isnumber-3.0.3.tgz",
      "integrity": "sha1-POdoEMWSjQM1IwGsKHMX8RwLH/w="
    },
    "lodash.isplainobject": {
      "version": "4.0.6",
      "resolved": "http://registry.npm.taobao.org/lodash.isplainobject/download/lodash.isplainobject-4.0.6.tgz",
      "integrity": "sha1-fFJqUtibRcRcxpC4gWO+BJf1UMs="
    },
    "lodash.isstring": {
      "version": "4.0.1",
      "resolved": "http://registry.npm.taobao.org/lodash.isstring/download/lodash.isstring-4.0.1.tgz",
      "integrity": "sha1-1SfftUVuynzJu5XV2ur4i6VKVFE="
    },
    "lodash.once": {
      "version": "4.1.1",
      "resolved": "http://registry.npm.taobao.org/lodash.once/download/lodash.once-4.1.1.tgz",
      "integrity": "sha1-DdOXEhPHxW34gJd9UEyI+0cal6w="
    },
    "lodash.set": {
      "version": "4.3.2",
      "resolved": "http://registry.npm.taobao.org/lodash.set/download/lodash.set-4.3.2.tgz",
      "integrity": "sha1-2HV7HagH3eJIFrDWqEvqGnYjCyM="
    },
    "media-typer": {
      "version": "0.3.0",
      "resolved": "http://registry.npm.taobao.org/media-typer/download/media-typer-0.3.0.tgz",
      "integrity": "sha1-hxDXrwqmJvj/+hzgAWhUUmMlV0g="
    },
    "merge-descriptors": {
      "version": "0.0.2",
      "resolved": "http://registry.npm.taobao.org/merge-descriptors/download/merge-descriptors-0.0.2.tgz",
      "integrity": "sha1-w2pSp4FDdRPFcnXzndnTF1FKyMc="
    },
    "methods": {
      "version": "1.1.1",
      "resolved": "http://registry.npm.taobao.org/methods/download/methods-1.1.1.tgz",
      "integrity": "sha1-F+pjZgZtAMWON1uOx9/QRTyJgio="
    },
    "mime": {
      "version": "1.2.11",
      "resolved": "http://registry.npm.taobao.org/mime/download/mime-1.2.11.tgz",
      "integrity": "sha1-WCA+7Ybjpe8XrtK32evUfwpg3RA="
    },
    "mime-db": {
      "version": "1.12.0",
      "resolved": "http://registry.npm.taobao.org/mime-db/download/mime-db-1.12.0.tgz",
      "integrity": "sha1-PQxjGA9FjrENMlqqN9fFiuMS6dc="
    },
    "mime-types": {
      "version": "2.0.14",
      "resolved": "http://registry.npm.taobao.org/mime-types/download/mime-types-2.0.14.tgz",
      "integrity": "sha1-MQ4VnbI+B3+Lsit0jav6SVcUCqY=",
      "requires": {
        "mime-db": "1.12.0"
      }
    },
    "morgan": {
      "version": "1.5.3",
      "resolved": "http://registry.npm.taobao.org/morgan/download/morgan-1.5.3.tgz",
      "integrity": "sha1-ittOcvnlxUNuXZP0KRCDX3nan98=",
      "requires": {
        "basic-auth": "1.0.4",
        "debug": "2.2.0",
        "depd": "1.0.1",
        "on-finished": "2.2.1"
      },
      "dependencies": {
        "debug": {
          "version": "2.2.0",
          "resolved": "http://registry.npm.taobao.org/debug/download/debug-2.2.0.tgz",
          "integrity": "sha1-+HBX6ZWxofauaklgZkE3vFbwOdo=",
          "requires": {
            "ms": "0.7.1"
          }
        },
        "ms": {
          "version": "0.7.1",
          "resolved": "http://registry.npm.taobao.org/ms/download/ms-0.7.1.tgz",
          "integrity": "sha1-nNE8A62/8ltl7/3nzoZO6VIBcJg="
        }
      }
    },
    "ms": {
      "version": "0.7.0",
      "resolved": "http://registry.npm.taobao.org/ms/download/ms-0.7.0.tgz",
      "integrity": "sha1-hlvpTC5zl62KV9pqYzpuLzB5i4M="
    },
    "mysql": {
      "version": "2.16.0",
      "resolved": "http://registry.npm.taobao.org/mysql/download/mysql-2.16.0.tgz",
      "integrity": "sha1-sjsiq13kT8LV0yvU9a9mU/xF4ro=",
      "requires": {
        "bignumber.js": "4.1.0",
        "readable-stream": "2.3.6",
        "safe-buffer": "5.1.2",
        "sqlstring": "2.3.1"
      }
    },
    "negotiator": {
      "version": "0.4.9",
      "resolved": "http://registry.npm.taobao.org/negotiator/download/negotiator-0.4.9.tgz",
      "integrity": "sha1-kuRrbbU8fkIe1koryU8IvnYw3z8="
    },
    "object-assign": {
      "version": "4.1.1",
      "resolved": "http://registry.npm.taobao.org/object-assign/download/object-assign-4.1.1.tgz",
      "integrity": "sha1-IQmtx5ZYh8/AXLvUQsrIv7s2CGM="
    },
    "on-finished": {
      "version": "2.2.1",
      "resolved": "http://registry.npm.taobao.org/on-finished/download/on-finished-2.2.1.tgz",
      "integrity": "sha1-XIXBzDYpn3gCllP2Z/J7a5nrwCk=",
      "requires": {
        "ee-first": "1.1.0"
      }
    },
    "on-headers": {
      "version": "1.0.1",
      "resolved": "http://registry.npm.taobao.org/on-headers/download/on-headers-1.0.1.tgz",
      "integrity": "sha1-ko9dD0cNSTQmUepnlLCFfBAGk/c="
    },
    "parseurl": {
      "version": "1.3.2",
      "resolved": "http://registry.npm.taobao.org/parseurl/download/parseurl-1.3.2.tgz",
      "integrity": "sha1-/CidTtiZMRlGDBViUyYs3I3mW/M="
    },
    "path-to-regexp": {
      "version": "0.1.3",
      "resolved": "http://registry.npm.taobao.org/path-to-regexp/download/path-to-regexp-0.1.3.tgz",
      "integrity": "sha1-IbmrgidCed4lsVbqCP0SylG4rss="
    },
    "process-nextick-args": {
      "version": "2.0.0",
      "resolved": "http://registry.npm.taobao.org/process-nextick-args/download/process-nextick-args-2.0.0.tgz",
      "integrity": "sha1-o31zL0JxtKsa0HDTVQjoKQeI/6o="
    },
    "proxy-addr": {
      "version": "1.0.10",
      "resolved": "http://registry.npm.taobao.org/proxy-addr/download/proxy-addr-1.0.10.tgz",
      "integrity": "sha1-DUCoL4Afw1VWfS7LZe/j8HfxIcU=",
      "requires": {
        "forwarded": "0.1.2",
        "ipaddr.js": "1.0.5"
      }
    },
    "qs": {
      "version": "2.3.3",
      "resolved": "http://registry.npm.taobao.org/qs/download/qs-2.3.3.tgz",
      "integrity": "sha1-6eha2+ddoLvkyOBHaghikPhjtAQ="
    },
    "random-bytes": {
      "version": "1.0.0",
      "resolved": "http://registry.npm.taobao.org/random-bytes/download/random-bytes-1.0.0.tgz",
      "integrity": "sha1-T2ih3Arli9P7lYSMMDJNt11kNgs="
    },
    "range-parser": {
      "version": "1.0.3",
      "resolved": "http://registry.npm.taobao.org/range-parser/download/range-parser-1.0.3.tgz",
      "integrity": "sha1-aHKCNTXGkuLCoBA4Jq/YLC4P8XU="
    },
    "raw-body": {
      "version": "1.3.2",
      "resolved": "http://registry.npm.taobao.org/raw-body/download/raw-body-1.3.2.tgz",
      "integrity": "sha1-DhhvJ8X7/jJtizBid0gEVkoOz5M=",
      "requires": {
        "bytes": "1.0.0",
        "iconv-lite": "0.4.6"
      }
    },
    "readable-stream": {
      "version": "2.3.6",
      "resolved": "http://registry.npm.taobao.org/readable-stream/download/readable-stream-2.3.6.tgz",
      "integrity": "sha1-sRwn2IuP8fvgcGQ8+UsMea4bCq8=",
      "requires": {
        "core-util-is": "1.0.2",
        "inherits": "2.0.3",
        "isarray": "1.0.0",
        "process-nextick-args": "2.0.0",
        "safe-buffer": "5.1.2",
        "string_decoder": "1.1.1",
        "util-deprecate": "1.0.2"
      }
    },
    "retry": {
      "version": "0.10.1",
      "resolved": "http://registry.npm.taobao.org/retry/download/retry-0.10.1.tgz",
      "integrity": "sha1-52OI0heZLCUnUCQdPTlW/tmNj/Q="
    },
    "safe-buffer": {
      "version": "5.1.2",
      "resolved": "http://registry.npm.taobao.org/safe-buffer/download/safe-buffer-5.1.2.tgz",
      "integrity": "sha1-mR7GnSluAxN0fVm9/St0XDX4go0="
    },
    "send": {
      "version": "0.10.1",
      "resolved": "http://registry.npm.taobao.org/send/download/send-0.10.1.tgz",
      "integrity": "sha1-d0XFDscvEVEVmA6PsXmuwBkA4Io=",
      "requires": {
        "debug": "2.1.3",
        "depd": "1.0.1",
        "destroy": "1.0.3",
        "escape-html": "1.0.1",
        "etag": "1.5.1",
        "fresh": "0.2.4",
        "mime": "1.2.11",
        "ms": "0.6.2",
        "on-finished": "2.1.1",
        "range-parser": "1.0.3"
      },
      "dependencies": {
        "ms": {
          "version": "0.6.2",
          "resolved": "http://registry.npm.taobao.org/ms/download/ms-0.6.2.tgz",
          "integrity": "sha1-2JwhJMb9wTU9Zai3e/GqxLGTcIw="
        },
        "on-finished": {
          "version": "2.1.1",
          "resolved": "http://registry.npm.taobao.org/on-finished/download/on-finished-2.1.1.tgz",
          "integrity": "sha1-+CyhyeOk8yhrG5k4YQ5bhja9PLI=",
          "requires": {
            "ee-first": "1.1.0"
          }
        }
      }
    },
    "serve-favicon": {
      "version": "2.2.1",
      "resolved": "http://registry.npm.taobao.org/serve-favicon/download/serve-favicon-2.2.1.tgz",
      "integrity": "sha1-2XuswVD2b+DlzEx4qEuhW65aWEo=",
      "requires": {
        "etag": "1.6.0",
        "fresh": "0.2.4",
        "ms": "0.7.1",
        "parseurl": "1.3.2"
      },
      "dependencies": {
        "etag": {
          "version": "1.6.0",
          "resolved": "http://registry.npm.taobao.org/etag/download/etag-1.6.0.tgz",
          "integrity": "sha1-i8ssavElTEgd/IuZfJBu9ORCwgc=",
          "requires": {
            "crc": "3.2.1"
          }
        },
        "ms": {
          "version": "0.7.1",
          "resolved": "http://registry.npm.taobao.org/ms/download/ms-0.7.1.tgz",
          "integrity": "sha1-nNE8A62/8ltl7/3nzoZO6VIBcJg="
        }
      }
    },
    "serve-static": {
      "version": "1.7.2",
      "resolved": "http://registry.npm.taobao.org/serve-static/download/serve-static-1.7.2.tgz",
      "integrity": "sha1-MWTOBtTmw0Wb3MnWAY+0+zXoSzk=",
      "requires": {
        "escape-html": "1.0.1",
        "parseurl": "1.3.2",
        "send": "0.10.1",
        "utils-merge": "1.0.0"
      }
    },
    "session-file-store": {
      "version": "1.2.0",
      "resolved": "http://registry.npm.taobao.org/session-file-store/download/session-file-store-1.2.0.tgz",
      "integrity": "sha1-NamUp/sMv394QGe/kFmTnFILfEQ=",
      "requires": {
        "bagpipe": "0.3.5",
        "fs-extra": "4.0.3",
        "object-assign": "4.1.1",
        "retry": "0.10.1",
        "write-file-atomic": "1.3.1"
      }
    },
    "slide": {
      "version": "1.1.6",
      "resolved": "http://registry.npm.taobao.org/slide/download/slide-1.1.6.tgz",
      "integrity": "sha1-VusCfWW00tzmyy4tMsTUr8nh1wc="
    },
    "sqlstring": {
      "version": "2.3.1",
      "resolved": "http://registry.npm.taobao.org/sqlstring/download/sqlstring-2.3.1.tgz",
      "integrity": "sha1-R1OT/56RR5rqYtyvDKPRSYOn+0A="
    },
    "string_decoder": {
      "version": "1.1.1",
      "resolved": "http://registry.npm.taobao.org/string_decoder/download/string_decoder-1.1.1.tgz",
      "integrity": "sha1-nPFhG6YmhdcDCunkujQUnDrwP8g=",
      "requires": {
        "safe-buffer": "5.1.2"
      }
    },
    "type-is": {
      "version": "1.5.7",
      "resolved": "http://registry.npm.taobao.org/type-is/download/type-is-1.5.7.tgz",
      "integrity": "sha1-uTaKWTzG730GReeLL0xky+zQXpA=",
      "requires": {
        "media-typer": "0.3.0",
        "mime-types": "2.0.14"
      }
    },
    "uid-safe": {
      "version": "2.1.5",
      "resolved": "http://registry.npm.taobao.org/uid-safe/download/uid-safe-2.1.5.tgz",
      "integrity": "sha1-Kz1cckDo/C5Y+Komnl7knAhXvTo=",
      "requires": {
        "random-bytes": "1.0.0"
      }
    },
    "universalify": {
      "version": "0.1.2",
      "resolved": "http://registry.npm.taobao.org/universalify/download/universalify-0.1.2.tgz",
      "integrity": "sha1-tkb2m+OULavOzJ1mOcgNwQXvqmY="
    },
    "util-deprecate": {
      "version": "1.0.2",
      "resolved": "http://registry.npm.taobao.org/util-deprecate/download/util-deprecate-1.0.2.tgz",
      "integrity": "sha1-RQ1Nyfpw3nMnYvvS1KKJgUGaDM8="
    },
    "utils-merge": {
      "version": "1.0.0",
      "resolved": "http://registry.npm.taobao.org/utils-merge/download/utils-merge-1.0.0.tgz",
      "integrity": "sha1-ApT7kiu5N1FTVBxPcJYjHyh8ivg="
    },
    "uuid": {
      "version": "3.3.2",
      "resolved": "http://registry.npm.taobao.org/uuid/download/uuid-3.3.2.tgz",
      "integrity": "sha1-G0r0lV6zB3xQHCOHL8ZROBFYcTE="
    },
    "vary": {
      "version": "1.0.1",
      "resolved": "http://registry.npm.taobao.org/vary/download/vary-1.0.1.tgz",
      "integrity": "sha1-meSYFWaihhGN+yuBc1ffeZM3bRA="
    },
    "write-file-atomic": {
      "version": "1.3.1",
      "resolved": "http://registry.npm.taobao.org/write-file-atomic/download/write-file-atomic-1.3.1.tgz",
      "integrity": "sha1-fUW6MjFjKN0ex9kPYOvA2EW7dZo=",
      "requires": {
        "graceful-fs": "4.1.15",
        "imurmurhash": "0.1.4",
        "slide": "1.1.6"
      }
    }
  }
}
